
Microsoft Visual Studio Solution File, Format Version 12.00
# Visual Studio Version 17
VisualStudioVersion = 17.13.35931.197 d17.13
MinimumVisualStudioVersion = 10.0.40219.1
Project("{FAE04EC0-301F-11D3-BF4B-00C04F79EFBC}") = "Trabalho_Produto", "Trabalho_Produto.csproj", "{ECD3E0EA-DE07-4E12-9D76-289C3935A2F4}"
EndProject
Global
	GlobalSection(SolutionConfigurationPlatforms) = preSolution
		Debug|Any CPU = Debug|Any CPU
		Release|Any CPU = Release|Any CPU
	EndGlobalSection
	GlobalSection(ProjectConfigurationPlatforms) = postSolution
		{ECD3E0EA-DE07-4E12-9D76-289C3935A2F4}.Debug|Any CPU.ActiveCfg = Debug|Any CPU
		{ECD3E0EA-DE07-4E12-9D76-289C3935A2F4}.Debug|Any CPU.Build.0 = Debug|Any CPU
		{ECD3E0EA-DE07-4E12-9D76-289C3935A2F4}.Release|Any CPU.ActiveCfg = Release|Any CPU
		{ECD3E0EA-DE07-4E12-9D76-289C3935A2F4}.Release|Any CPU.Build.0 = Release|Any CPU
	EndGlobalSection
	GlobalSection(SolutionProperties) = preSolution
		HideSolutionNode = FALSE
	EndGlobalSection
	GlobalSection(ExtensibilityGlobals) = postSolution
		SolutionGuid = {44A4B04E-66F4-4221-A209-32C761B79FFC}
	EndGlobalSection
EndGlobal
